PODS:
  - Kitemetrics (1.1.3)
  - SnapKit (4.0.0)

DEPENDENCIES:
  - Kitemetrics (from `../`)
  - SnapKit (= 4.0.0)

EXTERNAL SOURCES:
  Kitemetrics:
    :path: ../

SPEC CHECKSUMS:
  Kitemetrics: a334592a7bd8a6ebc06f94cba03e9f03a410683d
  SnapKit: a42d492c16e80209130a3379f73596c3454b7694

PODFILE CHECKSUM: 6421fa0fbc1f66ab42d50fec09f284db50222198

COCOAPODS: 1.3.1
